
Microsoft Visual Studio Solution File, Format Version 12.00
# Visual Studio Version 17
VisualStudioVersion = 17.2.32630.192
MinimumVisualStudioVersion = 10.0.40219.1
Project("{FAE04EC0-301F-11D3-BF4B-00C04F79EFBC}") = "WEBJWT", "WEBJWT\WEBJWT.csproj", "{547C4A29-E43B-4036-B983-94563CAADEB7}"
EndProject
Global
	GlobalSection(SolutionConfigurationPlatforms) = preSolution
		Debug|Any CPU = Debug|Any CPU
		Release|Any CPU = Release|Any CPU
	EndGlobalSection
	GlobalSection(ProjectConfigurationPlatforms) = postSolution
		{547C4A29-E43B-4036-B983-94563CAADEB7}.Debug|Any CPU.ActiveCfg = Debug|Any CPU
		{547C4A29-E43B-4036-B983-94563CAADEB7}.Debug|Any CPU.Build.0 = Debug|Any CPU
		{547C4A29-E43B-4036-B983-94563CAADEB7}.Release|Any CPU.ActiveCfg = Release|Any CPU
		{547C4A29-E43B-4036-B983-94563CAADEB7}.Release|Any CPU.Build.0 = Release|Any CPU
	EndGlobalSection
	GlobalSection(SolutionProperties) = preSolution
		HideSolutionNode = FALSE
	EndGlobalSection
	GlobalSection(ExtensibilityGlobals) = postSolution
		SolutionGuid = {2E7405CF-4774-41A3-88EC-F44E102E5509}
	EndGlobalSection
EndGlobal
